
Microsoft Visual Studio Solution File, Format Version 12.00
# Visual Studio Version 16
VisualStudioVersion = 16.0.30002.166
MinimumVisualStudioVersion = 10.0.40219.1
Project("{FAE04EC0-301F-11D3-BF4B-00C04F79EFBC}") = "PremiumCalculatorApp", "PremiumCalculatorApp.csproj", "{E7340AF0-3357-4766-BDDD-58735E25B023}"
EndProject
Global
	GlobalSection(SolutionConfigurationPlatforms) = preSolution
		Debug|Any CPU = Debug|Any CPU
		Release|Any CPU = Release|Any CPU
	EndGlobalSection
	GlobalSection(ProjectConfigurationPlatforms) = postSolution
		{E7340AF0-3357-4766-BDDD-58735E25B023}.Debug|Any CPU.ActiveCfg = Debug|Any CPU
		{E7340AF0-3357-4766-BDDD-58735E25B023}.Debug|Any CPU.Build.0 = Debug|Any CPU
		{E7340AF0-3357-4766-BDDD-58735E25B023}.Release|Any CPU.ActiveCfg = Release|Any CPU
		{E7340AF0-3357-4766-BDDD-58735E25B023}.Release|Any CPU.Build.0 = Release|Any CPU
	EndGlobalSection
	GlobalSection(SolutionProperties) = preSolution
		HideSolutionNode = FALSE
	EndGlobalSection
	GlobalSection(ExtensibilityGlobals) = postSolution
		SolutionGuid = {C7A8DF8E-FF99-4237-8589-18033FF52DB6}
	EndGlobalSection
EndGlobal
